
Microsoft Visual Studio Solution File, Format Version 12.00
# Visual Studio Version 17
VisualStudioVersion = 17.13.35919.96 d17.13
MinimumVisualStudioVersion = 10.0.40219.1
Project("{FAE04EC0-301F-11D3-BF4B-00C04F79EFBC}") = "MVC", "MVC.csproj", "{07C594AD-8F9E-441D-9FD6-944498A575FF}"
EndProject
Global
	GlobalSection(SolutionConfigurationPlatforms) = preSolution
		Debug|Any CPU = Debug|Any CPU
		Release|Any CPU = Release|Any CPU
	EndGlobalSection
	GlobalSection(ProjectConfigurationPlatforms) = postSolution
		{07C594AD-8F9E-441D-9FD6-944498A575FF}.Debug|Any CPU.ActiveCfg = Debug|Any CPU
		{07C594AD-8F9E-441D-9FD6-944498A575FF}.Debug|Any CPU.Build.0 = Debug|Any CPU
		{07C594AD-8F9E-441D-9FD6-944498A575FF}.Release|Any CPU.ActiveCfg = Release|Any CPU
		{07C594AD-8F9E-441D-9FD6-944498A575FF}.Release|Any CPU.Build.0 = Release|Any CPU
	EndGlobalSection
	GlobalSection(SolutionProperties) = preSolution
		HideSolutionNode = FALSE
	EndGlobalSection
	GlobalSection(ExtensibilityGlobals) = postSolution
		SolutionGuid = {75490BE8-8BCB-46FD-8F2C-BECF113E175A}
	EndGlobalSection
EndGlobal
